
Microsoft Visual Studio Solution File, Format Version 12.00
# Visual Studio Version 16
VisualStudioVersion = 16.0.30114.105
MinimumVisualStudioVersion = 10.0.40219.1
Project("{FAE04EC0-301F-11D3-BF4B-00C04F79EFBC}") = "P00_SolveMeFirst", "P00_SolveMeFirst\P00_SolveMeFirst.csproj", "{FE083471-ADE2-4B39-8937-BFB30B661791}"
EndProject
Project("{FAE04EC0-301F-11D3-BF4B-00C04F79EFBC}") = "P01_SimpleArraySum", "P01_SimpleArraySum\P01_SimpleArraySum.csproj", "{CBDC56DA-7A30-4380-81AA-B836549C6818}"
EndProject
Project("{FAE04EC0-301F-11D3-BF4B-00C04F79EFBC}") = "P02_CompareTheTriplets", "P02_CompareTheTriplets\P02_CompareTheTriplets.csproj", "{47F8F047-C0BB-40C2-8EA8-3C31807F7390}"
EndProject
Project("{FAE04EC0-301F-11D3-BF4B-00C04F79EFBC}") = "P03_VeryBigSum", "P03_VeryBigSum\P03_VeryBigSum.csproj", "{13F3260D-F8B7-4B4C-B327-1616BA8FDB76}"
EndProject
Project("{FAE04EC0-301F-11D3-BF4B-00C04F79EFBC}") = "P04_DiagonalDifference", "P04_DiagonalDifference\P04_DiagonalDifference.csproj", "{FC90323A-5375-4D54-A7E5-47BC04FC3920}"
EndProject
Project("{FAE04EC0-301F-11D3-BF4B-00C04F79EFBC}") = "P05_PlusMinus", "P05_PlusMinus\P05_PlusMinus.csproj", "{90194E81-5F09-4B05-9E7C-06639EC88144}"
EndProject
Project("{FAE04EC0-301F-11D3-BF4B-00C04F79EFBC}") = "P06_Staircase", "P06_Staircase\P06_Staircase.csproj", "{3DC94FCA-789A-4B45-8244-3EC37C9C8F6F}"
EndProject
Project("{FAE04EC0-301F-11D3-BF4B-00C04F79EFBC}") = "P07_MiniMaxSum", "P07_MiniMaxSum\P07_MiniMaxSum.csproj", "{BAA7B1FD-4E20-401F-9661-0904B58DEDE2}"
EndProject
Project("{FAE04EC0-301F-11D3-BF4B-00C04F79EFBC}") = "P08_CakeCandles", "P08_CakeCandles\P08_CakeCandles.csproj", "{5AE9496C-84FF-495B-83E7-ED0E04B1D6FB}"
EndProject
Project("{FAE04EC0-301F-11D3-BF4B-00C04F79EFBC}") = "P09_TimeConversion", "P09_TimeConversion\P09_TimeConversion.csproj", "{A324C656-99CF-4AF2-9BC4-185C49B6E93C}"
EndProject
Global
	GlobalSection(SolutionConfigurationPlatforms) = preSolution
		Debug|Any CPU = Debug|Any CPU
		Debug|x64 = Debug|x64
		Debug|x86 = Debug|x86
		Release|Any CPU = Release|Any CPU
		Release|x64 = Release|x64
		Release|x86 = Release|x86
	EndGlobalSection
	GlobalSection(SolutionProperties) = preSolution
		HideSolutionNode = FALSE
	EndGlobalSection
	GlobalSection(ProjectConfigurationPlatforms) = postSolution
		{FE083471-ADE2-4B39-8937-BFB30B661791}.Debug|Any CPU.ActiveCfg = Debug|Any CPU
		{FE083471-ADE2-4B39-8937-BFB30B661791}.Debug|Any CPU.Build.0 = Debug|Any CPU
		{FE083471-ADE2-4B39-8937-BFB30B661791}.Debug|x64.ActiveCfg = Debug|Any CPU
		{FE083471-ADE2-4B39-8937-BFB30B661791}.Debug|x64.Build.0 = Debug|Any CPU
		{FE083471-ADE2-4B39-8937-BFB30B661791}.Debug|x86.ActiveCfg = Debug|Any CPU
		{FE083471-ADE2-4B39-8937-BFB30B661791}.Debug|x86.Build.0 = Debug|Any CPU
		{FE083471-ADE2-4B39-8937-BFB30B661791}.Release|Any CPU.ActiveCfg = Release|Any CPU
		{FE083471-ADE2-4B39-8937-BFB30B661791}.Release|Any CPU.Build.0 = Release|Any CPU
		{FE083471-ADE2-4B39-8937-BFB30B661791}.Release|x64.ActiveCfg = Release|Any CPU
		{FE083471-ADE2-4B39-8937-BFB30B661791}.Release|x64.Build.0 = Release|Any CPU
		{FE083471-ADE2-4B39-8937-BFB30B661791}.Release|x86.ActiveCfg = Release|Any CPU
		{FE083471-ADE2-4B39-8937-BFB30B661791}.Release|x86.Build.0 = Release|Any CPU
		{CBDC56DA-7A30-4380-81AA-B836549C6818}.Debug|Any CPU.ActiveCfg = Debug|Any CPU
		{CBDC56DA-7A30-4380-81AA-B836549C6818}.Debug|Any CPU.Build.0 = Debug|Any CPU
		{CBDC56DA-7A30-4380-81AA-B836549C6818}.Debug|x64.ActiveCfg = Debug|Any CPU
		{CBDC56DA-7A30-4380-81AA-B836549C6818}.Debug|x64.Build.0 = Debug|Any CPU
		{CBDC56DA-7A30-4380-81AA-B836549C6818}.Debug|x86.ActiveCfg = Debug|Any CPU
		{CBDC56DA-7A30-4380-81AA-B836549C6818}.Debug|x86.Build.0 = Debug|Any CPU
		{CBDC56DA-7A30-4380-81AA-B836549C6818}.Release|Any CPU.ActiveCfg = Release|Any CPU
		{CBDC56DA-7A30-4380-81AA-B836549C6818}.Release|Any CPU.Build.0 = Release|Any CPU
		{CBDC56DA-7A30-4380-81AA-B836549C6818}.Release|x64.ActiveCfg = Release|Any CPU
		{CBDC56DA-7A30-4380-81AA-B836549C6818}.Release|x64.Build.0 = Release|Any CPU
		{CBDC56DA-7A30-4380-81AA-B836549C6818}.Release|x86.ActiveCfg = Release|Any CPU
		{CBDC56DA-7A30-4380-81AA-B836549C6818}.Release|x86.Build.0 = Release|Any CPU
		{47F8F047-C0BB-40C2-8EA8-3C31807F7390}.Debug|Any CPU.ActiveCfg = Debug|Any CPU
		{47F8F047-C0BB-40C2-8EA8-3C31807F7390}.Debug|Any CPU.Build.0 = Debug|Any CPU
		{47F8F047-C0BB-40C2-8EA8-3C31807F7390}.Debug|x64.ActiveCfg = Debug|Any CPU
		{47F8F047-C0BB-40C2-8EA8-3C31807F7390}.Debug|x64.Build.0 = Debug|Any CPU
		{47F8F047-C0BB-40C2-8EA8-3C31807F7390}.Debug|x86.ActiveCfg = Debug|Any CPU
		{47F8F047-C0BB-40C2-8EA8-3C31807F7390}.Debug|x86.Build.0 = Debug|Any CPU
		{47F8F047-C0BB-40C2-8EA8-3C31807F7390}.Release|Any CPU.ActiveCfg = Release|Any CPU
		{47F8F047-C0BB-40C2-8EA8-3C31807F7390}.Release|Any CPU.Build.0 = Release|Any CPU
		{47F8F047-C0BB-40C2-8EA8-3C31807F7390}.Release|x64.ActiveCfg = Release|Any CPU
		{47F8F047-C0BB-40C2-8EA8-3C31807F7390}.Release|x64.Build.0 = Release|Any CPU
		{47F8F047-C0BB-40C2-8EA8-3C31807F7390}.Release|x86.ActiveCfg = Release|Any CPU
		{47F8F047-C0BB-40C2-8EA8-3C31807F7390}.Release|x86.Build.0 = Release|Any CPU
		{13F3260D-F8B7-4B4C-B327-1616BA8FDB76}.Debug|Any CPU.ActiveCfg = Debug|Any CPU
		{13F3260D-F8B7-4B4C-B327-1616BA8FDB76}.Debug|Any CPU.Build.0 = Debug|Any CPU
		{13F3260D-F8B7-4B4C-B327-1616BA8FDB76}.Debug|x64.ActiveCfg = Debug|Any CPU
		{13F3260D-F8B7-4B4C-B327-1616BA8FDB76}.Debug|x64.Build.0 = Debug|Any CPU
		{13F3260D-F8B7-4B4C-B327-1616BA8FDB76}.Debug|x86.ActiveCfg = Debug|Any CPU
		{13F3260D-F8B7-4B4C-B327-1616BA8FDB76}.Debug|x86.Build.0 = Debug|Any CPU
		{13F3260D-F8B7-4B4C-B327-1616BA8FDB76}.Release|Any CPU.ActiveCfg = Release|Any CPU
		{13F3260D-F8B7-4B4C-B327-1616BA8FDB76}.Release|Any CPU.Build.0 = Release|Any CPU
		{13F3260D-F8B7-4B4C-B327-1616BA8FDB76}.Release|x64.ActiveCfg = Release|Any CPU
		{13F3260D-F8B7-4B4C-B327-1616BA8FDB76}.Release|x64.Build.0 = Release|Any CPU
		{13F3260D-F8B7-4B4C-B327-1616BA8FDB76}.Release|x86.ActiveCfg = Release|Any CPU
		{13F3260D-F8B7-4B4C-B327-1616BA8FDB76}.Release|x86.Build.0 = Release|Any CPU
		{FC90323A-5375-4D54-A7E5-47BC04FC3920}.Debug|Any CPU.ActiveCfg = Debug|Any CPU
		{FC90323A-5375-4D54-A7E5-47BC04FC3920}.Debug|Any CPU.Build.0 = Debug|Any CPU
		{FC90323A-5375-4D54-A7E5-47BC04FC3920}.Debug|x64.ActiveCfg = Debug|Any CPU
		{FC90323A-5375-4D54-A7E5-47BC04FC3920}.Debug|x64.Build.0 = Debug|Any CPU
		{FC90323A-5375-4D54-A7E5-47BC04FC3920}.Debug|x86.ActiveCfg = Debug|Any CPU
		{FC90323A-5375-4D54-A7E5-47BC04FC3920}.Debug|x86.Build.0 = Debug|Any CPU
		{FC90323A-5375-4D54-A7E5-47BC04FC3920}.Release|Any CPU.ActiveCfg = Release|Any CPU
		{FC90323A-5375-4D54-A7E5-47BC04FC3920}.Release|Any CPU.Build.0 = Release|Any CPU
		{FC90323A-5375-4D54-A7E5-47BC04FC3920}.Release|x64.ActiveCfg = Release|Any CPU
		{FC90323A-5375-4D54-A7E5-47BC04FC3920}.Release|x64.Build.0 = Release|Any CPU
		{FC90323A-5375-4D54-A7E5-47BC04FC3920}.Release|x86.ActiveCfg = Release|Any CPU
		{FC90323A-5375-4D54-A7E5-47BC04FC3920}.Release|x86.Build.0 = Release|Any CPU
		{90194E81-5F09-4B05-9E7C-06639EC88144}.Debug|Any CPU.ActiveCfg = Debug|Any CPU
		{90194E81-5F09-4B05-9E7C-06639EC88144}.Debug|Any CPU.Build.0 = Debug|Any CPU
		{90194E81-5F09-4B05-9E7C-06639EC88144}.Debug|x64.ActiveCfg = Debug|Any CPU
		{90194E81-5F09-4B05-9E7C-06639EC88144}.Debug|x64.Build.0 = Debug|Any CPU
		{90194E81-5F09-4B05-9E7C-06639EC88144}.Debug|x86.ActiveCfg = Debug|Any CPU
		{90194E81-5F09-4B05-9E7C-06639EC88144}.Debug|x86.Build.0 = Debug|Any CPU
		{90194E81-5F09-4B05-9E7C-06639EC88144}.Release|Any CPU.ActiveCfg = Release|Any CPU
		{90194E81-5F09-4B05-9E7C-06639EC88144}.Release|Any CPU.Build.0 = Release|Any CPU
		{90194E81-5F09-4B05-9E7C-06639EC88144}.Release|x64.ActiveCfg = Release|Any CPU
		{90194E81-5F09-4B05-9E7C-06639EC88144}.Release|x64.Build.0 = Release|Any CPU
		{90194E81-5F09-4B05-9E7C-06639EC88144}.Release|x86.ActiveCfg = Release|Any CPU
		{90194E81-5F09-4B05-9E7C-06639EC88144}.Release|x86.Build.0 = Release|Any CPU
		{3DC94FCA-789A-4B45-8244-3EC37C9C8F6F}.Debug|Any CPU.ActiveCfg = Debug|Any CPU
		{3DC94FCA-789A-4B45-8244-3EC37C9C8F6F}.Debug|Any CPU.Build.0 = Debug|Any CPU
		{3DC94FCA-789A-4B45-8244-3EC37C9C8F6F}.Debug|x64.ActiveCfg = Debug|Any CPU
		{3DC94FCA-789A-4B45-8244-3EC37C9C8F6F}.Debug|x64.Build.0 = Debug|Any CPU
		{3DC94FCA-789A-4B45-8244-3EC37C9C8F6F}.Debug|x86.ActiveCfg = Debug|Any CPU
		{3DC94FCA-789A-4B45-8244-3EC37C9C8F6F}.Debug|x86.Build.0 = Debug|Any CPU
		{3DC94FCA-789A-4B45-8244-3EC37C9C8F6F}.Release|Any CPU.ActiveCfg = Release|Any CPU
		{3DC94FCA-789A-4B45-8244-3EC37C9C8F6F}.Release|Any CPU.Build.0 = Release|Any CPU
		{3DC94FCA-789A-4B45-8244-3EC37C9C8F6F}.Release|x64.ActiveCfg = Release|Any CPU
		{3DC94FCA-789A-4B45-8244-3EC37C9C8F6F}.Release|x64.Build.0 = Release|Any CPU
		{3DC94FCA-789A-4B45-8244-3EC37C9C8F6F}.Release|x86.ActiveCfg = Release|Any CPU
		{3DC94FCA-789A-4B45-8244-3EC37C9C8F6F}.Release|x86.Build.0 = Release|Any CPU
		{BAA7B1FD-4E20-401F-9661-0904B58DEDE2}.Debug|Any CPU.ActiveCfg = Debug|Any CPU
		{BAA7B1FD-4E20-401F-9661-0904B58DEDE2}.Debug|Any CPU.Build.0 = Debug|Any CPU
		{BAA7B1FD-4E20-401F-9661-0904B58DEDE2}.Debug|x64.ActiveCfg = Debug|Any CPU
		{BAA7B1FD-4E20-401F-9661-0904B58DEDE2}.Debug|x64.Build.0 = Debug|Any CPU
		{BAA7B1FD-4E20-401F-9661-0904B58DEDE2}.Debug|x86.ActiveCfg = Debug|Any CPU
		{BAA7B1FD-4E20-401F-9661-0904B58DEDE2}.Debug|x86.Build.0 = Debug|Any CPU
		{BAA7B1FD-4E20-401F-9661-0904B58DEDE2}.Release|Any CPU.ActiveCfg = Release|Any CPU
		{BAA7B1FD-4E20-401F-9661-0904B58DEDE2}.Release|Any CPU.Build.0 = Release|Any CPU
		{BAA7B1FD-4E20-401F-9661-0904B58DEDE2}.Release|x64.ActiveCfg = Release|Any CPU
		{BAA7B1FD-4E20-401F-9661-0904B58DEDE2}.Release|x64.Build.0 = Release|Any CPU
		{BAA7B1FD-4E20-401F-9661-0904B58DEDE2}.Release|x86.ActiveCfg = Release|Any CPU
		{BAA7B1FD-4E20-401F-9661-0904B58DEDE2}.Release|x86.Build.0 = Release|Any CPU
		{5AE9496C-84FF-495B-83E7-ED0E04B1D6FB}.Debug|Any CPU.ActiveCfg = Debug|Any CPU
		{5AE9496C-84FF-495B-83E7-ED0E04B1D6FB}.Debug|Any CPU.Build.0 = Debug|Any CPU
		{5AE9496C-84FF-495B-83E7-ED0E04B1D6FB}.Debug|x64.ActiveCfg = Debug|Any CPU
		{5AE9496C-84FF-495B-83E7-ED0E04B1D6FB}.Debug|x64.Build.0 = Debug|Any CPU
		{5AE9496C-84FF-495B-83E7-ED0E04B1D6FB}.Debug|x86.ActiveCfg = Debug|Any CPU
		{5AE9496C-84FF-495B-83E7-ED0E04B1D6FB}.Debug|x86.Build.0 = Debug|Any CPU
		{5AE9496C-84FF-495B-83E7-ED0E04B1D6FB}.Release|Any CPU.ActiveCfg = Release|Any CPU
		{5AE9496C-84FF-495B-83E7-ED0E04B1D6FB}.Release|Any CPU.Build.0 = Release|Any CPU
		{5AE9496C-84FF-495B-83E7-ED0E04B1D6FB}.Release|x64.ActiveCfg = Release|Any CPU
		{5AE9496C-84FF-495B-83E7-ED0E04B1D6FB}.Release|x64.Build.0 = Release|Any CPU
		{5AE9496C-84FF-495B-83E7-ED0E04B1D6FB}.Release|x86.ActiveCfg = Release|Any CPU
		{5AE9496C-84FF-495B-83E7-ED0E04B1D6FB}.Release|x86.Build.0 = Release|Any CPU
		{A324C656-99CF-4AF2-9BC4-185C49B6E93C}.Debug|Any CPU.ActiveCfg = Debug|Any CPU
		{A324C656-99CF-4AF2-9BC4-185C49B6E93C}.Debug|Any CPU.Build.0 = Debug|Any CPU
		{A324C656-99CF-4AF2-9BC4-185C49B6E93C}.Debug|x64.ActiveCfg = Debug|Any CPU
		{A324C656-99CF-4AF2-9BC4-185C49B6E93C}.Debug|x64.Build.0 = Debug|Any CPU
		{A324C656-99CF-4AF2-9BC4-185C49B6E93C}.Debug|x86.ActiveCfg = Debug|Any CPU
		{A324C656-99CF-4AF2-9BC4-185C49B6E93C}.Debug|x86.Build.0 = Debug|Any CPU
		{A324C656-99CF-4AF2-9BC4-185C49B6E93C}.Release|Any CPU.ActiveCfg = Release|Any CPU
		{A324C656-99CF-4AF2-9BC4-185C49B6E93C}.Release|Any CPU.Build.0 = Release|Any CPU
		{A324C656-99CF-4AF2-9BC4-185C49B6E93C}.Release|x64.ActiveCfg = Release|Any CPU
		{A324C656-99CF-4AF2-9BC4-185C49B6E93C}.Release|x64.Build.0 = Release|Any CPU
		{A324C656-99CF-4AF2-9BC4-185C49B6E93C}.Release|x86.ActiveCfg = Release|Any CPU
		{A324C656-99CF-4AF2-9BC4-185C49B6E93C}.Release|x86.Build.0 = Release|Any CPU
	EndGlobalSection
EndGlobal
