
Microsoft Visual Studio Solution File, Format Version 12.00
# Visual Studio Version 16
VisualStudioVersion = 16.0.30114.105
MinimumVisualStudioVersion = 10.0.40219.1
Project("{FAE04EC0-301F-11D3-BF4B-00C04F79EFBC}") = "P00_GradingStudents", "Easy\P00_GradingStudents\P00_GradingStudents.csproj", "{DFB487B9-EEC3-424B-BAAD-B9EDCF34A8F8}"
EndProject
Project("{FAE04EC0-301F-11D3-BF4B-00C04F79EFBC}") = "P01_AppleAndOrange", "Easy\P01_AppleAndOrange\P01_AppleAndOrange.csproj", "{837F53A8-2A9B-4944-9496-6B16EE3E1814}"
EndProject
Project("{FAE04EC0-301F-11D3-BF4B-00C04F79EFBC}") = "P02_NumberLineJumps", "Easy\P02_NumberLineJumps\P02_NumberLineJumps.csproj", "{5845D3DA-7E79-4537-B4B8-A992EBD509DA}"
EndProject
Project("{FAE04EC0-301F-11D3-BF4B-00C04F79EFBC}") = "P03_BetweenTwoSets", "Easy\P03_BetweenTwoSets\P03_BetweenTwoSets.csproj", "{E0D9CFCA-A6CF-4DEA-BE9B-6E59E1DB601C}"
EndProject
Project("{FAE04EC0-301F-11D3-BF4B-00C04F79EFBC}") = "P04_BreakingTheRecords", "Easy\P04_BreakingTheRecords\P04_BreakingTheRecords.csproj", "{28192726-DB3B-416F-99BB-7C56C6DDD710}"
EndProject
Project("{FAE04EC0-301F-11D3-BF4B-00C04F79EFBC}") = "P05_SubarrayDivision", "Easy\P05_SubarrayDivision\P05_SubarrayDivision.csproj", "{6638B993-C45F-43F5-AA63-B0553FD37B8B}"
EndProject
Project("{FAE04EC0-301F-11D3-BF4B-00C04F79EFBC}") = "P06_DivisibleSumPairs", "Easy\P06_DivisibleSumPairs\P06_DivisibleSumPairs.csproj", "{79431FC9-DCCD-44BC-BA61-9B0A57145B8A}"
EndProject
Project("{FAE04EC0-301F-11D3-BF4B-00C04F79EFBC}") = "P07_MigratoryBirds", "Easy\P07_MigratoryBirds\P07_MigratoryBirds.csproj", "{4DA6640E-9710-48C3-B5F0-F1710DA9F3C2}"
EndProject
Project("{FAE04EC0-301F-11D3-BF4B-00C04F79EFBC}") = "P08_DayOfTheProgrammer", "Easy\P08_DayOfTheProgrammer\P08_DayOfTheProgrammer.csproj", "{62FB51BE-6F3A-4B5E-873B-34B48E131F98}"
EndProject
Project("{FAE04EC0-301F-11D3-BF4B-00C04F79EFBC}") = "P09_BillDivision", "Easy\P09_BillDivision\P09_BillDivision.csproj", "{C3AEA105-13D8-4C38-90FC-C752F41AFAD7}"
EndProject
Project("{FAE04EC0-301F-11D3-BF4B-00C04F79EFBC}") = "P10_DrawingBook", "Easy\P10_DrawingBook\P10_DrawingBook.csproj", "{DFF35F6A-7A77-4A2D-9A28-B2348E387084}"
EndProject
Project("{FAE04EC0-301F-11D3-BF4B-00C04F79EFBC}") = "P12_CatsAndMouse", "Easy\P12_CatsAndMouse\P12_CatsAndMouse.csproj", "{213FD73B-2862-4B8D-BFB2-84F3656B653A}"
EndProject
Global
	GlobalSection(SolutionConfigurationPlatforms) = preSolution
		Debug|Any CPU = Debug|Any CPU
		Debug|x64 = Debug|x64
		Debug|x86 = Debug|x86
		Release|Any CPU = Release|Any CPU
		Release|x64 = Release|x64
		Release|x86 = Release|x86
	EndGlobalSection
	GlobalSection(SolutionProperties) = preSolution
		HideSolutionNode = FALSE
	EndGlobalSection
	GlobalSection(ProjectConfigurationPlatforms) = postSolution
		{DFB487B9-EEC3-424B-BAAD-B9EDCF34A8F8}.Debug|Any CPU.ActiveCfg = Debug|Any CPU
		{DFB487B9-EEC3-424B-BAAD-B9EDCF34A8F8}.Debug|Any CPU.Build.0 = Debug|Any CPU
		{DFB487B9-EEC3-424B-BAAD-B9EDCF34A8F8}.Debug|x64.ActiveCfg = Debug|Any CPU
		{DFB487B9-EEC3-424B-BAAD-B9EDCF34A8F8}.Debug|x64.Build.0 = Debug|Any CPU
		{DFB487B9-EEC3-424B-BAAD-B9EDCF34A8F8}.Debug|x86.ActiveCfg = Debug|Any CPU
		{DFB487B9-EEC3-424B-BAAD-B9EDCF34A8F8}.Debug|x86.Build.0 = Debug|Any CPU
		{DFB487B9-EEC3-424B-BAAD-B9EDCF34A8F8}.Release|Any CPU.ActiveCfg = Release|Any CPU
		{DFB487B9-EEC3-424B-BAAD-B9EDCF34A8F8}.Release|Any CPU.Build.0 = Release|Any CPU
		{DFB487B9-EEC3-424B-BAAD-B9EDCF34A8F8}.Release|x64.ActiveCfg = Release|Any CPU
		{DFB487B9-EEC3-424B-BAAD-B9EDCF34A8F8}.Release|x64.Build.0 = Release|Any CPU
		{DFB487B9-EEC3-424B-BAAD-B9EDCF34A8F8}.Release|x86.ActiveCfg = Release|Any CPU
		{DFB487B9-EEC3-424B-BAAD-B9EDCF34A8F8}.Release|x86.Build.0 = Release|Any CPU
		{837F53A8-2A9B-4944-9496-6B16EE3E1814}.Debug|Any CPU.ActiveCfg = Debug|Any CPU
		{837F53A8-2A9B-4944-9496-6B16EE3E1814}.Debug|Any CPU.Build.0 = Debug|Any CPU
		{837F53A8-2A9B-4944-9496-6B16EE3E1814}.Debug|x64.ActiveCfg = Debug|Any CPU
		{837F53A8-2A9B-4944-9496-6B16EE3E1814}.Debug|x64.Build.0 = Debug|Any CPU
		{837F53A8-2A9B-4944-9496-6B16EE3E1814}.Debug|x86.ActiveCfg = Debug|Any CPU
		{837F53A8-2A9B-4944-9496-6B16EE3E1814}.Debug|x86.Build.0 = Debug|Any CPU
		{837F53A8-2A9B-4944-9496-6B16EE3E1814}.Release|Any CPU.ActiveCfg = Release|Any CPU
		{837F53A8-2A9B-4944-9496-6B16EE3E1814}.Release|Any CPU.Build.0 = Release|Any CPU
		{837F53A8-2A9B-4944-9496-6B16EE3E1814}.Release|x64.ActiveCfg = Release|Any CPU
		{837F53A8-2A9B-4944-9496-6B16EE3E1814}.Release|x64.Build.0 = Release|Any CPU
		{837F53A8-2A9B-4944-9496-6B16EE3E1814}.Release|x86.ActiveCfg = Release|Any CPU
		{837F53A8-2A9B-4944-9496-6B16EE3E1814}.Release|x86.Build.0 = Release|Any CPU
		{5845D3DA-7E79-4537-B4B8-A992EBD509DA}.Debug|Any CPU.ActiveCfg = Debug|Any CPU
		{5845D3DA-7E79-4537-B4B8-A992EBD509DA}.Debug|Any CPU.Build.0 = Debug|Any CPU
		{5845D3DA-7E79-4537-B4B8-A992EBD509DA}.Debug|x64.ActiveCfg = Debug|Any CPU
		{5845D3DA-7E79-4537-B4B8-A992EBD509DA}.Debug|x64.Build.0 = Debug|Any CPU
		{5845D3DA-7E79-4537-B4B8-A992EBD509DA}.Debug|x86.ActiveCfg = Debug|Any CPU
		{5845D3DA-7E79-4537-B4B8-A992EBD509DA}.Debug|x86.Build.0 = Debug|Any CPU
		{5845D3DA-7E79-4537-B4B8-A992EBD509DA}.Release|Any CPU.ActiveCfg = Release|Any CPU
		{5845D3DA-7E79-4537-B4B8-A992EBD509DA}.Release|Any CPU.Build.0 = Release|Any CPU
		{5845D3DA-7E79-4537-B4B8-A992EBD509DA}.Release|x64.ActiveCfg = Release|Any CPU
		{5845D3DA-7E79-4537-B4B8-A992EBD509DA}.Release|x64.Build.0 = Release|Any CPU
		{5845D3DA-7E79-4537-B4B8-A992EBD509DA}.Release|x86.ActiveCfg = Release|Any CPU
		{5845D3DA-7E79-4537-B4B8-A992EBD509DA}.Release|x86.Build.0 = Release|Any CPU
		{E0D9CFCA-A6CF-4DEA-BE9B-6E59E1DB601C}.Debug|Any CPU.ActiveCfg = Debug|Any CPU
		{E0D9CFCA-A6CF-4DEA-BE9B-6E59E1DB601C}.Debug|Any CPU.Build.0 = Debug|Any CPU
		{E0D9CFCA-A6CF-4DEA-BE9B-6E59E1DB601C}.Debug|x64.ActiveCfg = Debug|Any CPU
		{E0D9CFCA-A6CF-4DEA-BE9B-6E59E1DB601C}.Debug|x64.Build.0 = Debug|Any CPU
		{E0D9CFCA-A6CF-4DEA-BE9B-6E59E1DB601C}.Debug|x86.ActiveCfg = Debug|Any CPU
		{E0D9CFCA-A6CF-4DEA-BE9B-6E59E1DB601C}.Debug|x86.Build.0 = Debug|Any CPU
		{E0D9CFCA-A6CF-4DEA-BE9B-6E59E1DB601C}.Release|Any CPU.ActiveCfg = Release|Any CPU
		{E0D9CFCA-A6CF-4DEA-BE9B-6E59E1DB601C}.Release|Any CPU.Build.0 = Release|Any CPU
		{E0D9CFCA-A6CF-4DEA-BE9B-6E59E1DB601C}.Release|x64.ActiveCfg = Release|Any CPU
		{E0D9CFCA-A6CF-4DEA-BE9B-6E59E1DB601C}.Release|x64.Build.0 = Release|Any CPU
		{E0D9CFCA-A6CF-4DEA-BE9B-6E59E1DB601C}.Release|x86.ActiveCfg = Release|Any CPU
		{E0D9CFCA-A6CF-4DEA-BE9B-6E59E1DB601C}.Release|x86.Build.0 = Release|Any CPU
		{28192726-DB3B-416F-99BB-7C56C6DDD710}.Debug|Any CPU.ActiveCfg = Debug|Any CPU
		{28192726-DB3B-416F-99BB-7C56C6DDD710}.Debug|Any CPU.Build.0 = Debug|Any CPU
		{28192726-DB3B-416F-99BB-7C56C6DDD710}.Debug|x64.ActiveCfg = Debug|Any CPU
		{28192726-DB3B-416F-99BB-7C56C6DDD710}.Debug|x64.Build.0 = Debug|Any CPU
		{28192726-DB3B-416F-99BB-7C56C6DDD710}.Debug|x86.ActiveCfg = Debug|Any CPU
		{28192726-DB3B-416F-99BB-7C56C6DDD710}.Debug|x86.Build.0 = Debug|Any CPU
		{28192726-DB3B-416F-99BB-7C56C6DDD710}.Release|Any CPU.ActiveCfg = Release|Any CPU
		{28192726-DB3B-416F-99BB-7C56C6DDD710}.Release|Any CPU.Build.0 = Release|Any CPU
		{28192726-DB3B-416F-99BB-7C56C6DDD710}.Release|x64.ActiveCfg = Release|Any CPU
		{28192726-DB3B-416F-99BB-7C56C6DDD710}.Release|x64.Build.0 = Release|Any CPU
		{28192726-DB3B-416F-99BB-7C56C6DDD710}.Release|x86.ActiveCfg = Release|Any CPU
		{28192726-DB3B-416F-99BB-7C56C6DDD710}.Release|x86.Build.0 = Release|Any CPU
		{6638B993-C45F-43F5-AA63-B0553FD37B8B}.Debug|Any CPU.ActiveCfg = Debug|Any CPU
		{6638B993-C45F-43F5-AA63-B0553FD37B8B}.Debug|Any CPU.Build.0 = Debug|Any CPU
		{6638B993-C45F-43F5-AA63-B0553FD37B8B}.Debug|x64.ActiveCfg = Debug|Any CPU
		{6638B993-C45F-43F5-AA63-B0553FD37B8B}.Debug|x64.Build.0 = Debug|Any CPU
		{6638B993-C45F-43F5-AA63-B0553FD37B8B}.Debug|x86.ActiveCfg = Debug|Any CPU
		{6638B993-C45F-43F5-AA63-B0553FD37B8B}.Debug|x86.Build.0 = Debug|Any CPU
		{6638B993-C45F-43F5-AA63-B0553FD37B8B}.Release|Any CPU.ActiveCfg = Release|Any CPU
		{6638B993-C45F-43F5-AA63-B0553FD37B8B}.Release|Any CPU.Build.0 = Release|Any CPU
		{6638B993-C45F-43F5-AA63-B0553FD37B8B}.Release|x64.ActiveCfg = Release|Any CPU
		{6638B993-C45F-43F5-AA63-B0553FD37B8B}.Release|x64.Build.0 = Release|Any CPU
		{6638B993-C45F-43F5-AA63-B0553FD37B8B}.Release|x86.ActiveCfg = Release|Any CPU
		{6638B993-C45F-43F5-AA63-B0553FD37B8B}.Release|x86.Build.0 = Release|Any CPU
		{79431FC9-DCCD-44BC-BA61-9B0A57145B8A}.Debug|Any CPU.ActiveCfg = Debug|Any CPU
		{79431FC9-DCCD-44BC-BA61-9B0A57145B8A}.Debug|Any CPU.Build.0 = Debug|Any CPU
		{79431FC9-DCCD-44BC-BA61-9B0A57145B8A}.Debug|x64.ActiveCfg = Debug|Any CPU
		{79431FC9-DCCD-44BC-BA61-9B0A57145B8A}.Debug|x64.Build.0 = Debug|Any CPU
		{79431FC9-DCCD-44BC-BA61-9B0A57145B8A}.Debug|x86.ActiveCfg = Debug|Any CPU
		{79431FC9-DCCD-44BC-BA61-9B0A57145B8A}.Debug|x86.Build.0 = Debug|Any CPU
		{79431FC9-DCCD-44BC-BA61-9B0A57145B8A}.Release|Any CPU.ActiveCfg = Release|Any CPU
		{79431FC9-DCCD-44BC-BA61-9B0A57145B8A}.Release|Any CPU.Build.0 = Release|Any CPU
		{79431FC9-DCCD-44BC-BA61-9B0A57145B8A}.Release|x64.ActiveCfg = Release|Any CPU
		{79431FC9-DCCD-44BC-BA61-9B0A57145B8A}.Release|x64.Build.0 = Release|Any CPU
		{79431FC9-DCCD-44BC-BA61-9B0A57145B8A}.Release|x86.ActiveCfg = Release|Any CPU
		{79431FC9-DCCD-44BC-BA61-9B0A57145B8A}.Release|x86.Build.0 = Release|Any CPU
		{4DA6640E-9710-48C3-B5F0-F1710DA9F3C2}.Debug|Any CPU.ActiveCfg = Debug|Any CPU
		{4DA6640E-9710-48C3-B5F0-F1710DA9F3C2}.Debug|Any CPU.Build.0 = Debug|Any CPU
		{4DA6640E-9710-48C3-B5F0-F1710DA9F3C2}.Debug|x64.ActiveCfg = Debug|Any CPU
		{4DA6640E-9710-48C3-B5F0-F1710DA9F3C2}.Debug|x64.Build.0 = Debug|Any CPU
		{4DA6640E-9710-48C3-B5F0-F1710DA9F3C2}.Debug|x86.ActiveCfg = Debug|Any CPU
		{4DA6640E-9710-48C3-B5F0-F1710DA9F3C2}.Debug|x86.Build.0 = Debug|Any CPU
		{4DA6640E-9710-48C3-B5F0-F1710DA9F3C2}.Release|Any CPU.ActiveCfg = Release|Any CPU
		{4DA6640E-9710-48C3-B5F0-F1710DA9F3C2}.Release|Any CPU.Build.0 = Release|Any CPU
		{4DA6640E-9710-48C3-B5F0-F1710DA9F3C2}.Release|x64.ActiveCfg = Release|Any CPU
		{4DA6640E-9710-48C3-B5F0-F1710DA9F3C2}.Release|x64.Build.0 = Release|Any CPU
		{4DA6640E-9710-48C3-B5F0-F1710DA9F3C2}.Release|x86.ActiveCfg = Release|Any CPU
		{4DA6640E-9710-48C3-B5F0-F1710DA9F3C2}.Release|x86.Build.0 = Release|Any CPU
		{62FB51BE-6F3A-4B5E-873B-34B48E131F98}.Debug|Any CPU.ActiveCfg = Debug|Any CPU
		{62FB51BE-6F3A-4B5E-873B-34B48E131F98}.Debug|Any CPU.Build.0 = Debug|Any CPU
		{62FB51BE-6F3A-4B5E-873B-34B48E131F98}.Debug|x64.ActiveCfg = Debug|Any CPU
		{62FB51BE-6F3A-4B5E-873B-34B48E131F98}.Debug|x64.Build.0 = Debug|Any CPU
		{62FB51BE-6F3A-4B5E-873B-34B48E131F98}.Debug|x86.ActiveCfg = Debug|Any CPU
		{62FB51BE-6F3A-4B5E-873B-34B48E131F98}.Debug|x86.Build.0 = Debug|Any CPU
		{62FB51BE-6F3A-4B5E-873B-34B48E131F98}.Release|Any CPU.ActiveCfg = Release|Any CPU
		{62FB51BE-6F3A-4B5E-873B-34B48E131F98}.Release|Any CPU.Build.0 = Release|Any CPU
		{62FB51BE-6F3A-4B5E-873B-34B48E131F98}.Release|x64.ActiveCfg = Release|Any CPU
		{62FB51BE-6F3A-4B5E-873B-34B48E131F98}.Release|x64.Build.0 = Release|Any CPU
		{62FB51BE-6F3A-4B5E-873B-34B48E131F98}.Release|x86.ActiveCfg = Release|Any CPU
		{62FB51BE-6F3A-4B5E-873B-34B48E131F98}.Release|x86.Build.0 = Release|Any CPU
		{C3AEA105-13D8-4C38-90FC-C752F41AFAD7}.Debug|Any CPU.ActiveCfg = Debug|Any CPU
		{C3AEA105-13D8-4C38-90FC-C752F41AFAD7}.Debug|Any CPU.Build.0 = Debug|Any CPU
		{C3AEA105-13D8-4C38-90FC-C752F41AFAD7}.Debug|x64.ActiveCfg = Debug|Any CPU
		{C3AEA105-13D8-4C38-90FC-C752F41AFAD7}.Debug|x64.Build.0 = Debug|Any CPU
		{C3AEA105-13D8-4C38-90FC-C752F41AFAD7}.Debug|x86.ActiveCfg = Debug|Any CPU
		{C3AEA105-13D8-4C38-90FC-C752F41AFAD7}.Debug|x86.Build.0 = Debug|Any CPU
		{C3AEA105-13D8-4C38-90FC-C752F41AFAD7}.Release|Any CPU.ActiveCfg = Release|Any CPU
		{C3AEA105-13D8-4C38-90FC-C752F41AFAD7}.Release|Any CPU.Build.0 = Release|Any CPU
		{C3AEA105-13D8-4C38-90FC-C752F41AFAD7}.Release|x64.ActiveCfg = Release|Any CPU
		{C3AEA105-13D8-4C38-90FC-C752F41AFAD7}.Release|x64.Build.0 = Release|Any CPU
		{C3AEA105-13D8-4C38-90FC-C752F41AFAD7}.Release|x86.ActiveCfg = Release|Any CPU
		{C3AEA105-13D8-4C38-90FC-C752F41AFAD7}.Release|x86.Build.0 = Release|Any CPU
		{DFF35F6A-7A77-4A2D-9A28-B2348E387084}.Debug|Any CPU.ActiveCfg = Debug|Any CPU
		{DFF35F6A-7A77-4A2D-9A28-B2348E387084}.Debug|Any CPU.Build.0 = Debug|Any CPU
		{DFF35F6A-7A77-4A2D-9A28-B2348E387084}.Debug|x64.ActiveCfg = Debug|Any CPU
		{DFF35F6A-7A77-4A2D-9A28-B2348E387084}.Debug|x64.Build.0 = Debug|Any CPU
		{DFF35F6A-7A77-4A2D-9A28-B2348E387084}.Debug|x86.ActiveCfg = Debug|Any CPU
		{DFF35F6A-7A77-4A2D-9A28-B2348E387084}.Debug|x86.Build.0 = Debug|Any CPU
		{DFF35F6A-7A77-4A2D-9A28-B2348E387084}.Release|Any CPU.ActiveCfg = Release|Any CPU
		{DFF35F6A-7A77-4A2D-9A28-B2348E387084}.Release|Any CPU.Build.0 = Release|Any CPU
		{DFF35F6A-7A77-4A2D-9A28-B2348E387084}.Release|x64.ActiveCfg = Release|Any CPU
		{DFF35F6A-7A77-4A2D-9A28-B2348E387084}.Release|x64.Build.0 = Release|Any CPU
		{DFF35F6A-7A77-4A2D-9A28-B2348E387084}.Release|x86.ActiveCfg = Release|Any CPU
		{DFF35F6A-7A77-4A2D-9A28-B2348E387084}.Release|x86.Build.0 = Release|Any CPU
		{213FD73B-2862-4B8D-BFB2-84F3656B653A}.Debug|Any CPU.ActiveCfg = Debug|Any CPU
		{213FD73B-2862-4B8D-BFB2-84F3656B653A}.Debug|Any CPU.Build.0 = Debug|Any CPU
		{213FD73B-2862-4B8D-BFB2-84F3656B653A}.Debug|x64.ActiveCfg = Debug|Any CPU
		{213FD73B-2862-4B8D-BFB2-84F3656B653A}.Debug|x64.Build.0 = Debug|Any CPU
		{213FD73B-2862-4B8D-BFB2-84F3656B653A}.Debug|x86.ActiveCfg = Debug|Any CPU
		{213FD73B-2862-4B8D-BFB2-84F3656B653A}.Debug|x86.Build.0 = Debug|Any CPU
		{213FD73B-2862-4B8D-BFB2-84F3656B653A}.Release|Any CPU.ActiveCfg = Release|Any CPU
		{213FD73B-2862-4B8D-BFB2-84F3656B653A}.Release|Any CPU.Build.0 = Release|Any CPU
		{213FD73B-2862-4B8D-BFB2-84F3656B653A}.Release|x64.ActiveCfg = Release|Any CPU
		{213FD73B-2862-4B8D-BFB2-84F3656B653A}.Release|x64.Build.0 = Release|Any CPU
		{213FD73B-2862-4B8D-BFB2-84F3656B653A}.Release|x86.ActiveCfg = Release|Any CPU
		{213FD73B-2862-4B8D-BFB2-84F3656B653A}.Release|x86.Build.0 = Release|Any CPU
	EndGlobalSection
EndGlobal
